// !$*UTF8*$!
{
	archiveVersion = 1;
	classes = {
	};
	objectVersion = 50;
	objects = {

/* Begin PBXBuildFile section */
		C21BDD2B266D461300DA996B /* MenuUtils.cpp in Sources */ = {isa = PBXBuildFile; fileRef = C21BDD29266D461300DA996B /* MenuUtils.cpp */; };
		C2EEEADD266A587F00F9A87E /* Utils.cpp in Sources */ = {isa = PBXBuildFile; fileRef = C2EEEADB266A587F00F9A87E /* Utils.cpp */; };
		C2FA7FDC26666A950080FFD6 /* main.cpp in Sources */ = {isa = PBXBuildFile; fileRef = C2FA7FDB26666A950080FFD6 /* main.cpp */; };
		C2FA7FE6266770F80080FFD6 /* car.cpp in Sources */ = {isa = PBXBuildFile; fileRef = C2FA7FE5266770F80080FFD6 /* car.cpp */; };
		C2FA7FEA2668C24D0080FFD6 /* carShop.cpp in Sources */ = {isa = PBXBuildFile; fileRef = C2FA7FE82668C24D0080FFD6 /* carShop.cpp */; };
/* End PBXBuildFile section */

/* Begin PBXCopyFilesBuildPhase section */
		C2FA7FD626666A950080FFD6 /* CopyFiles */ = {
			isa = PBXCopyFilesBuildPhase;
			buildActionMask = 2147483647;
			dstPath = /usr/share/man/man1/;
			dstSubfolderSpec = 0;
			files = (
			);
			runOnlyForDeploymentPostprocessing = 1;
		};
/* End PBXCopyFilesBuildPhase section */

/* Begin PBXFileReference section */
		C21BDD29266D461300DA996B /* MenuUtils.cpp */ = {isa = PBXFileReference; lastKnownFileType = sourcecode.cpp.cpp; path = MenuUtils.cpp; sourceTree = "<group>"; };
		C21BDD2A266D461300DA996B /* MenuUtils.hpp */ = {isa = PBXFileReference; lastKnownFileType = sourcecode.cpp.h; path = MenuUtils.hpp; sourceTree = "<group>"; };
		C2EEEADB266A587F00F9A87E /* Utils.cpp */ = {isa = PBXFileReference; lastKnownFileType = sourcecode.cpp.cpp; path = Utils.cpp; sourceTree = "<group>"; };
		C2EEEADC266A587F00F9A87E /* Utils.hpp */ = {isa = PBXFileReference; lastKnownFileType = sourcecode.cpp.h; path = Utils.hpp; sourceTree = "<group>"; };
		C2FA7FD826666A950080FFD6 /* usedcar */ = {isa = PBXFileReference; explicitFileType = "compiled.mach-o.executable"; includeInIndex = 0; path = usedcar; sourceTree = BUILT_PRODUCTS_DIR; };
		C2FA7FDB26666A950080FFD6 /* main.cpp */ = {isa = PBXFileReference; lastKnownFileType = sourcecode.cpp.cpp; path = main.cpp; sourceTree = "<group>"; };
		C2FA7FE32666954D0080FFD6 /* car.h */ = {isa = PBXFileReference; lastKnownFileType = sourcecode.c.h; path = car.h; sourceTree = "<group>"; };
		C2FA7FE5266770F80080FFD6 /* car.cpp */ = {isa = PBXFileReference; lastKnownFileType = sourcecode.cpp.cpp; path = car.cpp; sourceTree = "<group>"; };
		C2FA7FE82668C24D0080FFD6 /* carShop.cpp */ = {isa = PBXFileReference; lastKnownFileType = sourcecode.cpp.cpp; path = carShop.cpp; sourceTree = "<group>"; };
		C2FA7FE92668C24D0080FFD6 /* carShop.hpp */ = {isa = PBXFileReference; lastKnownFileType = sourcecode.cpp.h; path = carShop.hpp; sourceTree = "<group>"; };
/* End PBXFileReference section */

/* Begin PBXFrameworksBuildPhase section */
		C2FA7FD526666A950080FFD6 /* Frameworks */ = {
			isa = PBXFrameworksBuildPhase;
			buildActionMask = 2147483647;
			files = (
			);
			runOnlyForDeploymentPostprocessing = 0;
		};
/* End PBXFrameworksBuildPhase section */

/* Begin PBXGroup section */
		C2FA7FCF26666A950080FFD6 = {
			isa = PBXGroup;
			children = (
				C2FA7FDA26666A950080FFD6 /* usedcar */,
				C2FA7FD926666A950080FFD6 /* Products */,
			);
			sourceTree = "<group>";
		};
		C2FA7FD926666A950080FFD6 /* Products */ = {
			isa = PBXGroup;
			children = (
				C2FA7FD826666A950080FFD6 /* usedcar */,
			);
			name = Products;
			sourceTree = "<group>";
		};
		C2FA7FDA26666A950080FFD6 /* usedcar */ = {
			isa = PBXGroup;
			children = (
				C2FA7FDB26666A950080FFD6 /* main.cpp */,
				C2FA7FE32666954D0080FFD6 /* car.h */,
				C2FA7FE5266770F80080FFD6 /* car.cpp */,
				C2FA7FE82668C24D0080FFD6 /* carShop.cpp */,
				C2FA7FE92668C24D0080FFD6 /* carShop.hpp */,
				C2EEEADB266A587F00F9A87E /* Utils.cpp */,
				C2EEEADC266A587F00F9A87E /* Utils.hpp */,
				C21BDD29266D461300DA996B /* MenuUtils.cpp */,
				C21BDD2A266D461300DA996B /* MenuUtils.hpp */,
			);
			path = usedcar;
			sourceTree = "<group>";
		};
/* End PBXGroup section */

/* Begin PBXNativeTarget section */
		C2FA7FD726666A950080FFD6 /* usedcar */ = {
			isa = PBXNativeTarget;
			buildConfigurationList = C2FA7FDF26666A950080FFD6 /* Build configuration list for PBXNativeTarget "usedcar" */;
			buildPhases = (
				C2FA7FD426666A950080FFD6 /* Sources */,
				C2FA7FD526666A950080FFD6 /* Frameworks */,
				C2FA7FD626666A950080FFD6 /* CopyFiles */,
			);
			buildRules = (
			);
			dependencies = (
			);
			name = usedcar;
			productName = usedcar;
			productReference = C2FA7FD826666A950080FFD6 /* usedcar */;
			productType = "com.apple.product-type.tool";
		};
/* End PBXNativeTarget section */

/* Begin PBXProject section */
		C2FA7FD026666A950080FFD6 /* Project object */ = {
			isa = PBXProject;
			attributes = {
				LastUpgradeCheck = 1240;
				TargetAttributes = {
					C2FA7FD726666A950080FFD6 = {
						CreatedOnToolsVersion = 12.4;
					};
				};
			};
			buildConfigurationList = C2FA7FD326666A950080FFD6 /* Build configuration list for PBXProject "usedcar" */;
			compatibilityVersion = "Xcode 9.3";
			developmentRegion = en;
			hasScannedForEncodings = 0;
			knownRegions = (
				en,
				Base,
			);
			mainGroup = C2FA7FCF26666A950080FFD6;
			productRefGroup = C2FA7FD926666A950080FFD6 /* Products */;
			projectDirPath = "";
			projectRoot = "";
			targets = (
				C2FA7FD726666A950080FFD6 /* usedcar */,
			);
		};
/* End PBXProject section */

/* Begin PBXSourcesBuildPhase section */
		C2FA7FD426666A950080FFD6 /* Sources */ = {
			isa = PBXSourcesBuildPhase;
			buildActionMask = 2147483647;
			files = (
				C2FA7FEA2668C24D0080FFD6 /* carShop.cpp in Sources */,
				C2FA7FE6266770F80080FFD6 /* car.cpp in Sources */,
				C2FA7FDC26666A950080FFD6 /* main.cpp in Sources */,
				C21BDD2B266D461300DA996B /* MenuUtils.cpp in Sources */,
				C2EEEADD266A587F00F9A87E /* Utils.cpp in Sources */,
			);
			runOnlyForDeploymentPostprocessing = 0;
		};
/* End PBXSourcesBuildPhase section */

/* Begin XCBuildConfiguration section */
		C2FA7FDD26666A950080FFD6 /* Debug */ = {
			isa = XCBuildConfiguration;
			buildSettings = {
				ALWAYS_SEARCH_USER_PATHS = NO;
				CLANG_ANALYZER_NONNULL = YES;
				CLANG_ANALYZER_NUMBER_OBJECT_CONVERSION = YES_AGGRESSIVE;
				CLANG_CXX_LANGUAGE_STANDARD = "gnu++17";
				CLANG_CXX_LIBRARY = "libc++";
				CLANG_ENABLE_MODULES = YES;
				CLANG_ENABLE_OBJC_ARC = YES;
				CLANG_ENABLE_OBJC_WEAK = YES;
				CLANG_WARN_BLOCK_CAPTURE_AUTORELEASING = YES;
				CLANG_WARN_BOOL_CONVERSION = YES;
				CLANG_WARN_COMMA = YES;
				CLANG_WARN_CONSTANT_CONVERSION = YES;
				CLANG_WARN_DEPRECATED_OBJC_IMPLEMENTATIONS = YES;
				CLANG_WARN_DIRECT_OBJC_ISA_USAGE = YES_ERROR;
				CLANG_WARN_DOCUMENTATION_COMMENTS = YES;
				CLANG_WARN_EMPTY_BODY = YES;
				CLANG_WARN_ENUM_CONVERSION = YES;
				CLANG_WARN_INFINITE_RECURSION = YES;
				CLANG_WARN_INT_CONVERSION = YES;
				CLANG_WARN_NON_LITERAL_NULL_CONVERSION = YES;
				CLANG_WARN_OBJC_IMPLICIT_RETAIN_SELF = YES;
				CLANG_WARN_OBJC_LITERAL_CONVERSION = YES;
				CLANG_WARN_OBJC_ROOT_CLASS = YES_ERROR;
				CLANG_WARN_QUOTED_INCLUDE_IN_FRAMEWORK_HEADER = YES;
				CLANG_WARN_RANGE_LOOP_ANALYSIS = YES;
				CLANG_WARN_STRICT_PROTOTYPES = YES;
				CLANG_WARN_SUSPICIOUS_MOVE = YES;
				CLANG_WARN_UNGUARDED_AVAILABILITY = YES_AGGRESSIVE;
				CLANG_WARN_UNREACHABLE_CODE = YES;
				CLANG_WARN__DUPLICATE_METHOD_MATCH = YES;
				COPY_PHASE_STRIP = NO;
				DEBUG_INFORMATION_FORMAT = dwarf;
				ENABLE_STRICT_OBJC_MSGSEND = YES;
				ENABLE_TESTABILITY = YES;
				GCC_C_LANGUAGE_STANDARD = gnu11;
				GCC_DYNAMIC_NO_PIC = NO;
				GCC_NO_COMMON_BLOCKS = YES;
				GCC_OPTIMIZATION_LEVEL = 0;
				GCC_PREPROCESSOR_DEFINITIONS = (
					"DEBUG=1",
					"$(inherited)",
				);
				GCC_WARN_64_TO_32_BIT_CONVERSION = YES;
				GCC_WARN_ABOUT_RETURN_TYPE = YES_ERROR;
				GCC_WARN_UNDECLARED_SELECTOR = YES;
				GCC_WARN_UNINITIALIZED_AUTOS = YES_AGGRESSIVE;
				GCC_WARN_UNUSED_FUNCTION = YES;
				GCC_WARN_UNUSED_VARIABLE = YES;
				MACOSX_DEPLOYMENT_TARGET = 11.1;
				MTL_ENABLE_DEBUG_INFO = INCLUDE_SOURCE;
				MTL_FAST_MATH = YES;
				ONLY_ACTIVE_ARCH = YES;
				SDKROOT = macosx;
			};
			name = Debug;
		};
		C2FA7FDE26666A950080FFD6 /* Release */ = {
			isa = XCBuildConfiguration;
			buildSettings = {
				ALWAYS_SEARCH_USER_PATHS = NO;
				CLANG_ANALYZER_NONNULL = YES;
				CLANG_ANALYZER_NUMBER_OBJECT_CONVERSION = YES_AGGRESSIVE;
				CLANG_CXX_LANGUAGE_STANDARD = "gnu++17";
				CLANG_CXX_LIBRARY = "libc++";
				CLANG_ENABLE_MODULES = YES;
				CLANG_ENABLE_OBJC_ARC = YES;
				CLANG_ENABLE_OBJC_WEAK = YES;
				CLANG_WARN_BLOCK_CAPTURE_AUTORELEASING = YES;
				CLANG_WARN_BOOL_CONVERSION = YES;
				CLANG_WARN_COMMA = YES;
				CLANG_WARN_CONSTANT_CONVERSION = YES;
				CLANG_WARN_DEPRECATED_OBJC_IMPLEMENTATIONS = YES;
				CLANG_WARN_DIRECT_OBJC_ISA_USAGE = YES_ERROR;
				CLANG_WARN_DOCUMENTATION_COMMENTS = YES;
				CLANG_WARN_EMPTY_BODY = YES;
				CLANG_WARN_ENUM_CONVERSION = YES;
				CLANG_WARN_INFINITE_RECURSION = YES;
				CLANG_WARN_INT_CONVERSION = YES;
				CLANG_WARN_NON_LITERAL_NULL_CONVERSION = YES;
				CLANG_WARN_OBJC_IMPLICIT_RETAIN_SELF = YES;
				CLANG_WARN_OBJC_LITERAL_CONVERSION = YES;
				CLANG_WARN_OBJC_ROOT_CLASS = YES_ERROR;
				CLANG_WARN_QUOTED_INCLUDE_IN_FRAMEWORK_HEADER = YES;
				CLANG_WARN_RANGE_LOOP_ANALYSIS = YES;
				CLANG_WARN_STRICT_PROTOTYPES = YES;
				CLANG_WARN_SUSPICIOUS_MOVE = YES;
				CLANG_WARN_UNGUARDED_AVAILABILITY = YES_AGGRESSIVE;
				CLANG_WARN_UNREACHABLE_CODE = YES;
				CLANG_WARN__DUPLICATE_METHOD_MATCH = YES;
				COPY_PHASE_STRIP = NO;
				DEBUG_INFORMATION_FORMAT = "dwarf-with-dsym";
				ENABLE_NS_ASSERTIONS = NO;
				ENABLE_STRICT_OBJC_MSGSEND = YES;
				GCC_C_LANGUAGE_STANDARD = gnu11;
				GCC_NO_COMMON_BLOCKS = YES;
				GCC_WARN_64_TO_32_BIT_CONVERSION = YES;
				GCC_WARN_ABOUT_RETURN_TYPE = YES_ERROR;
				GCC_WARN_UNDECLARED_SELECTOR = YES;
				GCC_WARN_UNINITIALIZED_AUTOS = YES_AGGRESSIVE;
				GCC_WARN_UNUSED_FUNCTION = YES;
				GCC_WARN_UNUSED_VARIABLE = YES;
				MACOSX_DEPLOYMENT_TARGET = 11.1;
				MTL_ENABLE_DEBUG_INFO = NO;
				MTL_FAST_MATH = YES;
				SDKROOT = macosx;
			};
			name = Release;
		};
		C2FA7FE026666A950080FFD6 /* Debug */ = {
			isa = XCBuildConfiguration;
			buildSettings = {
				CODE_SIGN_STYLE = Automatic;
				PRODUCT_NAME = "$(TARGET_NAME)";
			};
			name = Debug;
		};
		C2FA7FE126666A950080FFD6 /* Release */ = {
			isa = XCBuildConfiguration;
			buildSettings = {
				CODE_SIGN_STYLE = Automatic;
				PRODUCT_NAME = "$(TARGET_NAME)";
			};
			name = Release;
		};
/* End XCBuildConfiguration section */

/* Begin XCConfigurationList section */
		C2FA7FD326666A950080FFD6 /* Build configuration list for PBXProject "usedcar" */ = {
			isa = XCConfigurationList;
			buildConfigurations = (
				C2FA7FDD26666A950080FFD6 /* Debug */,
				C2FA7FDE26666A950080FFD6 /* Release */,
			);
			defaultConfigurationIsVisible = 0;
			defaultConfigurationName = Release;
		};
		C2FA7FDF26666A950080FFD6 /* Build configuration list for PBXNativeTarget "usedcar" */ = {
			isa = XCConfigurationList;
			buildConfigurations = (
				C2FA7FE026666A950080FFD6 /* Debug */,
				C2FA7FE126666A950080FFD6 /* Release */,
			);
			defaultConfigurationIsVisible = 0;
			defaultConfigurationName = Release;
		};
/* End XCConfigurationList section */
	};
	rootObject = C2FA7FD026666A950080FFD6 /* Project object */;
}
